
Microsoft Visual Studio Solution File, Format Version 12.00
# Visual Studio Version 17
VisualStudioVersion = 17.6.33815.320
MinimumVisualStudioVersion = 10.0.40219.1
Project("{9A19103F-16F7-4668-BE54-9A1E7A4F7556}") = "GIReporter", "GIReporter\GIReporter.csproj", "{4025A96E-7CFB-40BA-A055-E2D70466486D}"
EndProject
Global
	GlobalSection(SolutionConfigurationPlatforms) = preSolution
		Debug|Any CPU = Debug|Any CPU
		Debug|x64 = Debug|x64
		Release|Any CPU = Release|Any CPU
		Release|x64 = Release|x64
	EndGlobalSection
	GlobalSection(ProjectConfigurationPlatforms) = postSolution
		{4025A96E-7CFB-40BA-A055-E2D70466486D}.Debug|Any CPU.ActiveCfg = Debug|Any CPU
		{4025A96E-7CFB-40BA-A055-E2D70466486D}.Debug|Any CPU.Build.0 = Debug|Any CPU
		{4025A96E-7CFB-40BA-A055-E2D70466486D}.Debug|x64.ActiveCfg = Debug|x64
		{4025A96E-7CFB-40BA-A055-E2D70466486D}.Debug|x64.Build.0 = Debug|x64
		{4025A96E-7CFB-40BA-A055-E2D70466486D}.Release|Any CPU.ActiveCfg = Release|Any CPU
		{4025A96E-7CFB-40BA-A055-E2D70466486D}.Release|Any CPU.Build.0 = Release|Any CPU
		{4025A96E-7CFB-40BA-A055-E2D70466486D}.Release|x64.ActiveCfg = Release|x64
		{4025A96E-7CFB-40BA-A055-E2D70466486D}.Release|x64.Build.0 = Release|x64
	EndGlobalSection
	GlobalSection(SolutionProperties) = preSolution
		HideSolutionNode = FALSE
	EndGlobalSection
	GlobalSection(ExtensibilityGlobals) = postSolution
		SolutionGuid = {D6C70A65-1308-49AA-929B-A1220527CDB8}
	EndGlobalSection
EndGlobal
